
Microsoft Visual Studio Solution File, Format Version 12.00
# Visual Studio Version 16
VisualStudioVersion = 16.0.30330.147
MinimumVisualStudioVersion = 10.0.40219.1
Project("{FAE04EC0-301F-11D3-BF4B-00C04F79EFBC}") = "DashboardWeb", "DashboardWeb.csproj", "{85AADDC7-C22D-42BE-9183-E50A49F55BAC}"
EndProject
Global
	GlobalSection(SolutionConfigurationPlatforms) = preSolution
		Debug|Any CPU = Debug|Any CPU
		Release|Any CPU = Release|Any CPU
	EndGlobalSection
	GlobalSection(ProjectConfigurationPlatforms) = postSolution
		{85AADDC7-C22D-42BE-9183-E50A49F55BAC}.Debug|Any CPU.ActiveCfg = Debug|Any CPU
		{85AADDC7-C22D-42BE-9183-E50A49F55BAC}.Debug|Any CPU.Build.0 = Debug|Any CPU
		{85AADDC7-C22D-42BE-9183-E50A49F55BAC}.Release|Any CPU.ActiveCfg = Release|Any CPU
		{85AADDC7-C22D-42BE-9183-E50A49F55BAC}.Release|Any CPU.Build.0 = Release|Any CPU
	EndGlobalSection
	GlobalSection(SolutionProperties) = preSolution
		HideSolutionNode = FALSE
	EndGlobalSection
	GlobalSection(ExtensibilityGlobals) = postSolution
		SolutionGuid = {ED08AE39-9DB4-4A00-A0C2-30DA7AEABECA}
	EndGlobalSection
EndGlobal
